
Microsoft Visual Studio Solution File, Format Version 12.00
# Visual Studio Version 17
VisualStudioVersion = 17.14.36310.24 d17.14
MinimumVisualStudioVersion = 10.0.40219.1
Project("{FAE04EC0-301F-11D3-BF4B-00C04F79EFBC}") = "TrackStar", "TrackStar\TrackStar.csproj", "{CAD831EE-2BCC-47A3-A57C-82D097C6F6DA}"
EndProject
Global
	GlobalSection(SolutionConfigurationPlatforms) = preSolution
		Debug|Any CPU = Debug|Any CPU
		Release|Any CPU = Release|Any CPU
	EndGlobalSection
	GlobalSection(ProjectConfigurationPlatforms) = postSolution
		{CAD831EE-2BCC-47A3-A57C-82D097C6F6DA}.Debug|Any CPU.ActiveCfg = Debug|Any CPU
		{CAD831EE-2BCC-47A3-A57C-82D097C6F6DA}.Debug|Any CPU.Build.0 = Debug|Any CPU
		{CAD831EE-2BCC-47A3-A57C-82D097C6F6DA}.Release|Any CPU.ActiveCfg = Release|Any CPU
		{CAD831EE-2BCC-47A3-A57C-82D097C6F6DA}.Release|Any CPU.Build.0 = Release|Any CPU
	EndGlobalSection
	GlobalSection(SolutionProperties) = preSolution
		HideSolutionNode = FALSE
	EndGlobalSection
	GlobalSection(ExtensibilityGlobals) = postSolution
		SolutionGuid = {8CFD357A-DBBB-40D4-9037-95685E9D415B}
	EndGlobalSection
EndGlobal
